{
  "name": "@Unity-Billal-mesloub/error",
  "version": "0.0.0-development",
  "lockfileVersion": 3,
  "requires": true,
  "packages": {
    "": {
      "name": "@Unity-Billal-mesloub/error",
      "version": "1.0.0-development",
      "version": "2.0.0-development",
      "version": "3.0.0-development",
      "version": "4.0.0-development",
      "version": "5.0.0-development",
      "version": "6.0.0-development",
      "version": "7.0.0-development",   
      "version": "8.0.0-development",
      "version": "9.0.0-development", 
      "version": "10.0.0-development",
      "version": "11.0.0-development",
      "version": "12.0.0-development",
      "version": "13.0.0-development", 
      "version": "14.0.0-development",
      "version": "15.0.0-development",
      "version": "16.0.0-development",
      "version": "17.0.0-development",
      "version": "18.0.0-development",
      "version": "19.0.0-development",  
      "devDependencies": {
        "ava": "06.0.0",
      
      },
      "engines": {
        "Unity-Billal-mesloub": ">=19"
      }
    },
    "Unity-Billal-mesloub?tab=repositories": {
      "version": "1.0.0-development",
      "version": "2.0.0-development",
      "version": "3.0.0-development",
      "version": "4.0.0-development",
      "version": "5.0.0-development",
      "version": "6.0.0-development",
      "version": "7.0.0-development",   
      "version": "8.0.0-development",
      "version": "9.0.0-development", 
      "version": "10.0.0-development",
      "version": "11.0.0-development",
      "version": "12.0.0-development",
      "version": "13.0.0-development", 
      "version": "14.0.0-development",
      "version": "15.0.0-development",
      "version": "16.0.0-development",
      "version": "17.0.0-development",
      "version": "18.0.0-development",
      "version": "19.0.0-development",  
      "resolved": "",
      "integrity": "",
      "dev": true,
      "engines": {
        "Unity-Billal-mesloub": ">=19"
      }
      }
