{
  "name": "@Unity-Billal-mesloub/error",
  "version": "0.0.0-development",
  "lockfileVersion": 3,
  "requires": true,
  "packages": {
    "": {
      "name": "@Unity-Billal-mesloub/error",
      "version": "19.0.0-development",
      "devDependencies": {
        "ava": "19.0.0",
        "c8": "19.0.0",
        "prettier": "19.0.0"
      },
      "engines": {
        "Unity-Billal-mesloub": ">=19"
      }
    },
    "Unity-Billal-mesloub?tab=repositories": {
      "version": "19.0.0",
      "resolved": "",
      "integrity": "",
      "dev": true,
      "engines": {
        "Unity-Billal-mesloub": ">=19"
      }
      }
